
Microsoft Visual Studio Solution File, Format Version 12.00
# Visual Studio Version 16
VisualStudioVersion = 16.0.29613.14
MinimumVisualStudioVersion = 10.0.40219.1
Project("{FAE04EC0-301F-11D3-BF4B-00C04F79EFBC}") = "UITest", "UITest.csproj", "{BCB4BF93-2273-4843-A92F-021A175BED87}"
EndProject
Global
	GlobalSection(SolutionConfigurationPlatforms) = preSolution
		Debug|Any CPU = Debug|Any CPU
		Release|Any CPU = Release|Any CPU
	EndGlobalSection
	GlobalSection(ProjectConfigurationPlatforms) = postSolution
		{BCB4BF93-2273-4843-A92F-021A175BED87}.Debug|Any CPU.ActiveCfg = Debug|Any CPU
		{BCB4BF93-2273-4843-A92F-021A175BED87}.Debug|Any CPU.Build.0 = Debug|Any CPU
		{BCB4BF93-2273-4843-A92F-021A175BED87}.Release|Any CPU.ActiveCfg = Release|Any CPU
		{BCB4BF93-2273-4843-A92F-021A175BED87}.Release|Any CPU.Build.0 = Release|Any CPU
	EndGlobalSection
	GlobalSection(SolutionProperties) = preSolution
		HideSolutionNode = FALSE
	EndGlobalSection
	GlobalSection(ExtensibilityGlobals) = postSolution
		SolutionGuid = {5A47539B-0E29-45DE-AA68-C009B960BCCF}
	EndGlobalSection
EndGlobal
